
Microsoft Visual Studio Solution File, Format Version 12.00
# Visual Studio Version 16
VisualStudioVersion = 16.0.30517.126
MinimumVisualStudioVersion = 10.0.40219.1
Project("{8BC9CEB8-8B4A-11D0-8D11-00A0C91BC942}") = "The ultimate project", "The ultimate project.vcxproj", "{045EADDF-B1B4-4D74-8D44-4D6962DDCAE6}"
EndProject
Global
	GlobalSection(SolutionConfigurationPlatforms) = preSolution
		Debug|x64 = Debug|x64
		Debug|x86 = Debug|x86
		Release|x64 = Release|x64
		Release|x86 = Release|x86
	EndGlobalSection
	GlobalSection(ProjectConfigurationPlatforms) = postSolution
		{045EADDF-B1B4-4D74-8D44-4D6962DDCAE6}.Debug|x64.ActiveCfg = Debug|x64
		{045EADDF-B1B4-4D74-8D44-4D6962DDCAE6}.Debug|x64.Build.0 = Debug|x64
		{045EADDF-B1B4-4D74-8D44-4D6962DDCAE6}.Debug|x86.ActiveCfg = Debug|Win32
		{045EADDF-B1B4-4D74-8D44-4D6962DDCAE6}.Debug|x86.Build.0 = Debug|Win32
		{045EADDF-B1B4-4D74-8D44-4D6962DDCAE6}.Release|x64.ActiveCfg = Release|x64
		{045EADDF-B1B4-4D74-8D44-4D6962DDCAE6}.Release|x64.Build.0 = Release|x64
		{045EADDF-B1B4-4D74-8D44-4D6962DDCAE6}.Release|x86.ActiveCfg = Release|Win32
		{045EADDF-B1B4-4D74-8D44-4D6962DDCAE6}.Release|x86.Build.0 = Release|Win32
	EndGlobalSection
	GlobalSection(SolutionProperties) = preSolution
		HideSolutionNode = FALSE
	EndGlobalSection
	GlobalSection(ExtensibilityGlobals) = postSolution
		SolutionGuid = {B2C53AC6-E55D-4CFE-9627-DEDA48613961}
	EndGlobalSection
EndGlobal
